
Microsoft Visual Studio Solution File, Format Version 12.00
# Visual Studio 2012
Project("{E24C65DC-7377-472B-9ABA-BC803B73C61A}") = "crazytrade", "http://localhost:53481", "{1078D4F2-4C8D-4A04-89FE-7C8763C20E0D}"
	ProjectSection(WebsiteProperties) = preProject
		UseIISExpress = "true"
		TargetFrameworkMoniker = ".NETFramework,Version%3Dv4.5"
		Debug.AspNetCompiler.VirtualPath = "/localhost_53481"
		Debug.AspNetCompiler.PhysicalPath = "..\..\..\..\Desktop\U of L - Fall 2013\CECS 550-75 - Software Engineering\Group Project\cecs550\crazytrade\"
		Debug.AspNetCompiler.TargetPath = "PrecompiledWeb\localhost_53481\"
		Debug.AspNetCompiler.Updateable = "true"
		Debug.AspNetCompiler.ForceOverwrite = "true"
		Debug.AspNetCompiler.FixedNames = "false"
		Debug.AspNetCompiler.Debug = "True"
		Release.AspNetCompiler.VirtualPath = "/localhost_53481"
		Release.AspNetCompiler.PhysicalPath = "..\..\..\..\Desktop\U of L - Fall 2013\CECS 550-75 - Software Engineering\Group Project\cecs550\crazytrade\"
		Release.AspNetCompiler.TargetPath = "PrecompiledWeb\localhost_53481\"
		Release.AspNetCompiler.Updateable = "true"
		Release.AspNetCompiler.ForceOverwrite = "true"
		Release.AspNetCompiler.FixedNames = "false"
		Release.AspNetCompiler.Debug = "False"
		SlnRelativePath = "..\..\..\..\Desktop\U of L - Fall 2013\CECS 550-75 - Software Engineering\Group Project\cecs550\crazytrade\"
		DefaultWebSiteLanguage = "Visual C#"
	EndProjectSection
EndProject
Global
	GlobalSection(SolutionConfigurationPlatforms) = preSolution
		Debug|Any CPU = Debug|Any CPU
	EndGlobalSection
	GlobalSection(ProjectConfigurationPlatforms) = postSolution
		{1078D4F2-4C8D-4A04-89FE-7C8763C20E0D}.Debug|Any CPU.ActiveCfg = Debug|Any CPU
		{1078D4F2-4C8D-4A04-89FE-7C8763C20E0D}.Debug|Any CPU.Build.0 = Debug|Any CPU
	EndGlobalSection
	GlobalSection(SolutionProperties) = preSolution
		HideSolutionNode = FALSE
	EndGlobalSection
EndGlobal
